{
  "nodes": {
    "flake-utils": {
      "inputs": {
        "systems": "systems"
      },
      "locked": {
        "lastModified": 1731533236,
        "narHash": "sha256-l0KFg5HjrsfsO/JpG+r7fRrqm12kzFHyUHqHCVpMMbI=",
        "owner": "numtide",
        "repo": "flake-utils",
        "rev": "11707dc2f618dd54ca8739b309ec4fc024de578b",
        "type": "github"
      },
      "original": {
        "id": "flake-utils",
        "type": "indirect"
      }
    },
    "gtk-stream": {
      "flake": false,
      "locked": {
        "lastModified": 1741788805,
        "narHash": "sha256-HWi2qDjCsmCbFFUhYiHgZ6a7ptsVn6sUMHK4A9gBdTw=",
        "ref": "refs/heads/master",
        "rev": "18ed0d3fdbbf67a1323e8e5b7848bb564569fc6c",
        "revCount": 134,
        "type": "git",
        "url": "https://git.sr.ht/~marc-coiffier/gtk-stream"
      },
      "original": {
        "type": "git",
        "url": "https://git.sr.ht/~marc-coiffier/gtk-stream"
      }
    },
    "nixpkgs": {
      "locked": {
        "lastModified": 1773371044,
        "narHash": "sha256-UioNXlVNmX+3QQ0ZjdZkZFq7ctHyObpcvdHm9aZV0/c=",
        "owner": "NixOS",
        "repo": "nixpkgs",
        "rev": "65feaa4cdcddbc1659abb8796810f29c4531aad8",
        "type": "github"
      },
      "original": {
        "owner": "NixOS",
        "repo": "nixpkgs",
        "type": "github"
      }
    },
    "nixpkgs-gnome": {
      "locked": {
        "lastModified": 1762163421,
        "narHash": "sha256-qo7ZDi04s8EU7BQh1iKFrWV8eqclRDsJx47IY019sa4=",
        "owner": "NixOS",
        "repo": "nixpkgs",
        "rev": "46391794055c11ed20e22656127d4f728dc1b263",
        "type": "github"
      },
      "original": {
        "owner": "NixOS",
        "ref": "wip-gnome",
        "repo": "nixpkgs",
        "type": "github"
      }
    },
    "root": {
      "inputs": {
        "flake-utils": "flake-utils",
        "gtk-stream": "gtk-stream",
        "nixpkgs": "nixpkgs",
        "nixpkgs-gnome": "nixpkgs-gnome"
      }
    },
    "systems": {
      "locked": {
        "lastModified": 1681028828,
        "narHash": "sha256-Vy1rq5AaRuLzOxct8nz4T6wlgyUR7zLU309k9mBC768=",
        "owner": "nix-systems",
        "repo": "default",
        "rev": "da67096a3b9bf56a91d16901293e51ba5b49a27e",
        "type": "github"
      },
      "original": {
        "owner": "nix-systems",
        "repo": "default",
        "type": "github"
      }
    }
  },
  "root": "root",
  "version": 7
}
